{
  "name": "js",
  "lockfileVersion": 3,
  "requires": true,
  "packages": {
    "": {
      "dependencies": {
        "nclear": "^0.0.4"
      }
    },
    "node_modules/nclear": {
      "version": "0.0.4",
      "resolved": "https://registry.npmjs.org/nclear/-/nclear-0.0.4.tgz",
      "integrity": "sha512-4luxUo9RwQ91sn+/EaRvavzCmzXfIcQlAILliKCPOZrnaG42yf380eFem2umyzJEltzfN3XYJNVw+BmYBjf2VQ=="
    }
  }
}
